
Microsoft Visual Studio Solution File, Format Version 12.00
# Visual Studio 15
VisualStudioVersion = 15.0.35714.111
MinimumVisualStudioVersion = 10.0.40219.1
Project("{FAE04EC0-301F-11D3-BF4B-00C04F79EFBC}") = "EntidadesCs", "EntidadesCs\EntidadesCs.csproj", "{DEFECFFE-A1D1-417C-B62A-A2ACC5428D30}"
EndProject
Project("{FAE04EC0-301F-11D3-BF4B-00C04F79EFBC}") = "DemoCs", "DemoCs\DemoCs.csproj", "{AF740698-9102-4E09-9598-DCC220E4A05C}"
EndProject
Global
	GlobalSection(SolutionConfigurationPlatforms) = preSolution
		Debug|Any CPU = Debug|Any CPU
		Release|Any CPU = Release|Any CPU
	EndGlobalSection
	GlobalSection(ProjectConfigurationPlatforms) = postSolution
		{DEFECFFE-A1D1-417C-B62A-A2ACC5428D30}.Debug|Any CPU.ActiveCfg = Debug|Any CPU
		{DEFECFFE-A1D1-417C-B62A-A2ACC5428D30}.Debug|Any CPU.Build.0 = Debug|Any CPU
		{DEFECFFE-A1D1-417C-B62A-A2ACC5428D30}.Release|Any CPU.ActiveCfg = Release|Any CPU
		{DEFECFFE-A1D1-417C-B62A-A2ACC5428D30}.Release|Any CPU.Build.0 = Release|Any CPU
		{AF740698-9102-4E09-9598-DCC220E4A05C}.Debug|Any CPU.ActiveCfg = Debug|Any CPU
		{AF740698-9102-4E09-9598-DCC220E4A05C}.Debug|Any CPU.Build.0 = Debug|Any CPU
		{AF740698-9102-4E09-9598-DCC220E4A05C}.Release|Any CPU.ActiveCfg = Release|Any CPU
		{AF740698-9102-4E09-9598-DCC220E4A05C}.Release|Any CPU.Build.0 = Release|Any CPU
	EndGlobalSection
	GlobalSection(SolutionProperties) = preSolution
		HideSolutionNode = FALSE
	EndGlobalSection
	GlobalSection(ExtensibilityGlobals) = postSolution
		SolutionGuid = {11B4BF37-F78D-4603-8433-A67D23583399}
	EndGlobalSection
EndGlobal
